
Microsoft Visual Studio Solution File, Format Version 12.00
# Visual Studio 15
VisualStudioVersion = 15.0.28010.2036
MinimumVisualStudioVersion = 10.0.40219.1
Project("{9A19103F-16F7-4668-BE54-9A1E7A4F7556}") = "DuckSharp", "DuckSharp\DuckSharp.csproj", "{C282C050-DB90-4362-960A-6E3A0A9CFC5C}"
EndProject
Project("{FAE04EC0-301F-11D3-BF4B-00C04F79EFBC}") = "DuckSharp.Tests", "DuckSharp.Tests\DuckSharp.Tests.csproj", "{C743D703-5314-44C8-8C67-E43251D62CD1}"
EndProject
Global
	GlobalSection(SolutionConfigurationPlatforms) = preSolution
		Debug|Any CPU = Debug|Any CPU
		Release|Any CPU = Release|Any CPU
	EndGlobalSection
	GlobalSection(ProjectConfigurationPlatforms) = postSolution
		{C282C050-DB90-4362-960A-6E3A0A9CFC5C}.Debug|Any CPU.ActiveCfg = Debug|Any CPU
		{C282C050-DB90-4362-960A-6E3A0A9CFC5C}.Debug|Any CPU.Build.0 = Debug|Any CPU
		{C282C050-DB90-4362-960A-6E3A0A9CFC5C}.Release|Any CPU.ActiveCfg = Release|Any CPU
		{C282C050-DB90-4362-960A-6E3A0A9CFC5C}.Release|Any CPU.Build.0 = Release|Any CPU
		{C743D703-5314-44C8-8C67-E43251D62CD1}.Debug|Any CPU.ActiveCfg = Debug|Any CPU
		{C743D703-5314-44C8-8C67-E43251D62CD1}.Debug|Any CPU.Build.0 = Debug|Any CPU
		{C743D703-5314-44C8-8C67-E43251D62CD1}.Release|Any CPU.ActiveCfg = Release|Any CPU
		{C743D703-5314-44C8-8C67-E43251D62CD1}.Release|Any CPU.Build.0 = Release|Any CPU
	EndGlobalSection
	GlobalSection(SolutionProperties) = preSolution
		HideSolutionNode = FALSE
	EndGlobalSection
	GlobalSection(ExtensibilityGlobals) = postSolution
		SolutionGuid = {36C0C494-8009-43D9-84ED-3011333C5748}
	EndGlobalSection
EndGlobal
